
Microsoft Visual Studio Solution File, Format Version 12.00
# Visual Studio Version 17
VisualStudioVersion = 17.7.34031.279
MinimumVisualStudioVersion = 10.0.40219.1
Project("{FAE04EC0-301F-11D3-BF4B-00C04F79EFBC}") = "lab_6_saod", "lab_6_saod.csproj", "{B60F4BEB-C7AB-40FC-8800-7355DBE54429}"
EndProject
Global
	GlobalSection(SolutionConfigurationPlatforms) = preSolution
		Debug|Any CPU = Debug|Any CPU
		Release|Any CPU = Release|Any CPU
	EndGlobalSection
	GlobalSection(ProjectConfigurationPlatforms) = postSolution
		{B60F4BEB-C7AB-40FC-8800-7355DBE54429}.Debug|Any CPU.ActiveCfg = Debug|Any CPU
		{B60F4BEB-C7AB-40FC-8800-7355DBE54429}.Debug|Any CPU.Build.0 = Debug|Any CPU
		{B60F4BEB-C7AB-40FC-8800-7355DBE54429}.Release|Any CPU.ActiveCfg = Release|Any CPU
		{B60F4BEB-C7AB-40FC-8800-7355DBE54429}.Release|Any CPU.Build.0 = Release|Any CPU
	EndGlobalSection
	GlobalSection(SolutionProperties) = preSolution
		HideSolutionNode = FALSE
	EndGlobalSection
	GlobalSection(ExtensibilityGlobals) = postSolution
		SolutionGuid = {9D47E764-C694-4A4D-94C2-337115DA748C}
	EndGlobalSection
EndGlobal
